
Microsoft Visual Studio Solution File, Format Version 12.00
# Visual Studio Version 17
VisualStudioVersion = 17.8.34330.188
MinimumVisualStudioVersion = 10.0.40219.1
Project("{FAE04EC0-301F-11D3-BF4B-00C04F79EFBC}") = "Atv 02 - Aluno", "Atv 02 - Aluno\Atv 02 - Aluno.csproj", "{78BC3F3E-FB31-496A-8F67-AF36BBA46290}"
EndProject
Global
	GlobalSection(SolutionConfigurationPlatforms) = preSolution
		Debug|Any CPU = Debug|Any CPU
		Release|Any CPU = Release|Any CPU
	EndGlobalSection
	GlobalSection(ProjectConfigurationPlatforms) = postSolution
		{78BC3F3E-FB31-496A-8F67-AF36BBA46290}.Debug|Any CPU.ActiveCfg = Debug|Any CPU
		{78BC3F3E-FB31-496A-8F67-AF36BBA46290}.Debug|Any CPU.Build.0 = Debug|Any CPU
		{78BC3F3E-FB31-496A-8F67-AF36BBA46290}.Release|Any CPU.ActiveCfg = Release|Any CPU
		{78BC3F3E-FB31-496A-8F67-AF36BBA46290}.Release|Any CPU.Build.0 = Release|Any CPU
	EndGlobalSection
	GlobalSection(SolutionProperties) = preSolution
		HideSolutionNode = FALSE
	EndGlobalSection
	GlobalSection(ExtensibilityGlobals) = postSolution
		SolutionGuid = {1EBFE524-FF5F-4BC7-AF83-EDDCA94B3908}
	EndGlobalSection
EndGlobal
